{"1.1.0",
[{<<"base64url">>,
  {git,"git://github.com/dvv/base64url.git",
       {ref,"bf1360685da704c8453aba2268c4698c959d2ba4"}},
  1},
 {<<"cowboy">>,
  {git,"git://github.com/ninenines/cowboy.git",
       {ref,"d846827b2a70317914621328bd617e4e5d4d13d8"}},
  0},
 {<<"cowlib">>,
  {git,"https://github.com/ninenines/cowlib",
       {ref,"75aaeb8415033b07303febbfeba66d6d3413ad06"}},
  1},
 {<<"ewt">>,
  {git,"git://github.com/brigadier/ewt.git",
       {ref,"c2a5c00e32e337e316adcdc8b4e355eff6d09ebb"}},
  0},
 {<<"jesse">>,
  {git,"https://github.com/for-GET/jesse.git",
       {ref,"9f9d050627093d6a43e02a102d78122f0c4989c8"}},
  0},
 {<<"jiffy">>,{pkg,<<"jiffy">>,<<"0.14.11">>},0},
 {<<"jsx">>,
  {git,"git://github.com/talentdeficit/jsx.git",
       {ref,"fc2a001073f2300ba38427c23e83d5673c020542"}},
  1},
 {<<"ranch">>,
  {git,"https://github.com/ninenines/ranch",
       {ref,"3190aef88aea04d6dce8545fe9b4574288903f44"}},
  1},
 {<<"rfc3339">>,
  {git,"git://github.com/andreineculau/rfc3339.git",
       {ref,"dcc77d66430490620677de8140a3415dfbd3fa61"}},
  1},
 {<<"sync">>,
  {git,"git://github.com/rustyio/sync.git",
       {ref,"9106be75883d7646dae72d4ac80c6ea88464a5ca"}},
  0},
 {<<"throttle">>,{pkg,<<"lambda_throttle">>,<<"0.2.0">>},0},
 {<<"uuid">>,
  {git,"https://github.com/avtobiff/erlang-uuid.git",
       {ref,"cb02a2039a9b29dd2eef0446039c9c6e164df9ef"}},
  0}]}.
[
{pkg_hash,[
 {<<"jiffy">>, <<"919A87D491C5A6B5E3BBC27FAFEDC3A0761CA0B4C405394F121F582FD4E3F0E5">>},
 {<<"throttle">>, <<"E881B46D9836AFB70F3E2FA3BE9B0140805BA324ED26AA734FF6C5C1568C6CA7">>}]}
].
